
Microsoft Visual Studio Solution File, Format Version 11.00
# Visual C++ Express 2010
Project("{8BC9CEB8-8B4A-11D0-8D11-00A0C91BC942}") = "mcdonnell_john-chapter3", "mcdonnell_john-chapter3\mcdonnell_john-chapter3.vcxproj", "{4103BD5B-2DCD-45D3-BCAC-B55DFB7BDF63}"
EndProject
Global
	GlobalSection(SolutionConfigurationPlatforms) = preSolution
		Debug|Win32 = Debug|Win32
		Release|Win32 = Release|Win32
	EndGlobalSection
	GlobalSection(ProjectConfigurationPlatforms) = postSolution
		{4103BD5B-2DCD-45D3-BCAC-B55DFB7BDF63}.Debug|Win32.ActiveCfg = Debug|Win32
		{4103BD5B-2DCD-45D3-BCAC-B55DFB7BDF63}.Debug|Win32.Build.0 = Debug|Win32
		{4103BD5B-2DCD-45D3-BCAC-B55DFB7BDF63}.Release|Win32.ActiveCfg = Release|Win32
		{4103BD5B-2DCD-45D3-BCAC-B55DFB7BDF63}.Release|Win32.Build.0 = Release|Win32
	EndGlobalSection
	GlobalSection(SolutionProperties) = preSolution
		HideSolutionNode = FALSE
	EndGlobalSection
EndGlobal
